// !$*UTF8*$!
{
	archiveVersion = 1;
	classes = {
	};
	objectVersion = 55;
	objects = {

/* Begin PBXBuildFile section */
		DB12CA1C27AAE312006FDF51 /* AppDelegate.swift in Sources */ = {isa = PBXBuildFile; fileRef = DB12CA1B27AAE312006FDF51 /* AppDelegate.swift */; };
		DB12CA1E27AAE312006FDF51 /* SceneDelegate.swift in Sources */ = {isa = PBXBuildFile; fileRef = DB12CA1D27AAE312006FDF51 /* SceneDelegate.swift */; };
		DB12CA2027AAE312006FDF51 /* WeatherViewController.swift in Sources */ = {isa = PBXBuildFile; fileRef = DB12CA1F27AAE312006FDF51 /* WeatherViewController.swift */; };
		DB12CA2327AAE312006FDF51 /* Main.storyboard in Resources */ = {isa = PBXBuildFile; fileRef = DB12CA2127AAE312006FDF51 /* Main.storyboard */; };
		DB12CA2527AAE314006FDF51 /* Assets.xcassets in Resources */ = {isa = PBXBuildFile; fileRef = DB12CA2427AAE314006FDF51 /* Assets.xcassets */; };
		DB12CA2827AAE314006FDF51 /* LaunchScreen.storyboard in Resources */ = {isa = PBXBuildFile; fileRef = DB12CA2627AAE314006FDF51 /* LaunchScreen.storyboard */; };
		DB12CA3327AAE37C006FDF51 /* WeatherManager.swift in Sources */ = {isa = PBXBuildFile; fileRef = DB12CA3227AAE37C006FDF51 /* WeatherManager.swift */; };
		DB12CA3627AAE3A5006FDF51 /* WeatherData.swift in Sources */ = {isa = PBXBuildFile; fileRef = DB12CA3527AAE3A5006FDF51 /* WeatherData.swift */; };
		DB12CA3827AAE3B7006FDF51 /* WeatherModel.swift in Sources */ = {isa = PBXBuildFile; fileRef = DB12CA3727AAE3B7006FDF51 /* WeatherModel.swift */; };
/* End PBXBuildFile section */

/* Begin PBXFileReference section */
		DB12CA1827AAE312006FDF51 /* WeatherMe.app */ = {isa = PBXFileReference; explicitFileType = wrapper.application; includeInIndex = 0; path = WeatherMe.app; sourceTree = BUILT_PRODUCTS_DIR; };
		DB12CA1B27AAE312006FDF51 /* AppDelegate.swift */ = {isa = PBXFileReference; lastKnownFileType = sourcecode.swift; path = AppDelegate.swift; sourceTree = "<group>"; };
		DB12CA1D27AAE312006FDF51 /* SceneDelegate.swift */ = {isa = PBXFileReference; lastKnownFileType = sourcecode.swift; path = SceneDelegate.swift; sourceTree = "<group>"; };
		DB12CA1F27AAE312006FDF51 /* WeatherViewController.swift */ = {isa = PBXFileReference; lastKnownFileType = sourcecode.swift; path = WeatherViewController.swift; sourceTree = "<group>"; };
		DB12CA2227AAE312006FDF51 /* Base */ = {isa = PBXFileReference; lastKnownFileType = file.storyboard; name = Base; path = Base.lproj/Main.storyboard; sourceTree = "<group>"; };
		DB12CA2427AAE314006FDF51 /* Assets.xcassets */ = {isa = PBXFileReference; lastKnownFileType = folder.assetcatalog; path = Assets.xcassets; sourceTree = "<group>"; };
		DB12CA2727AAE314006FDF51 /* Base */ = {isa = PBXFileReference; lastKnownFileType = file.storyboard; name = Base; path = Base.lproj/LaunchScreen.storyboard; sourceTree = "<group>"; };
		DB12CA2927AAE314006FDF51 /* Info.plist */ = {isa = PBXFileReference; lastKnownFileType = text.plist.xml; path = Info.plist; sourceTree = "<group>"; };
		DB12CA3227AAE37C006FDF51 /* WeatherManager.swift */ = {isa = PBXFileReference; lastKnownFileType = sourcecode.swift; path = WeatherManager.swift; sourceTree = "<group>"; };
		DB12CA3527AAE3A5006FDF51 /* WeatherData.swift */ = {isa = PBXFileReference; lastKnownFileType = sourcecode.swift; path = WeatherData.swift; sourceTree = "<group>"; };
		DB12CA3727AAE3B7006FDF51 /* WeatherModel.swift */ = {isa = PBXFileReference; lastKnownFileType = sourcecode.swift; path = WeatherModel.swift; sourceTree = "<group>"; };
/* End PBXFileReference section */

/* Begin PBXFrameworksBuildPhase section */
		DB12CA1527AAE312006FDF51 /* Frameworks */ = {
			isa = PBXFrameworksBuildPhase;
			buildActionMask = 2147483647;
			files = (
			);
			runOnlyForDeploymentPostprocessing = 0;
		};
/* End PBXFrameworksBuildPhase section */

/* Begin PBXGroup section */
		DB12CA0F27AAE312006FDF51 = {
			isa = PBXGroup;
			children = (
				DB12CA1A27AAE312006FDF51 /* WeatherMe */,
				DB12CA1927AAE312006FDF51 /* Products */,
			);
			sourceTree = "<group>";
		};
		DB12CA1927AAE312006FDF51 /* Products */ = {
			isa = PBXGroup;
			children = (
				DB12CA1827AAE312006FDF51 /* WeatherMe.app */,
			);
			name = Products;
			sourceTree = "<group>";
		};
		DB12CA1A27AAE312006FDF51 /* WeatherMe */ = {
			isa = PBXGroup;
			children = (
				DB12CA1B27AAE312006FDF51 /* AppDelegate.swift */,
				DB12CA1D27AAE312006FDF51 /* SceneDelegate.swift */,
				DB12CA3427AAE381006FDF51 /* Model */,
				DB12CA3127AAE358006FDF51 /* View */,
				DB12CA3027AAE33E006FDF51 /* Controller */,
				DB12CA2427AAE314006FDF51 /* Assets.xcassets */,
				DB12CA2627AAE314006FDF51 /* LaunchScreen.storyboard */,
				DB12CA2927AAE314006FDF51 /* Info.plist */,
			);
			path = WeatherMe;
			sourceTree = "<group>";
		};
		DB12CA3027AAE33E006FDF51 /* Controller */ = {
			isa = PBXGroup;
			children = (
				DB12CA1F27AAE312006FDF51 /* WeatherViewController.swift */,
			);
			path = Controller;
			sourceTree = "<group>";
		};
		DB12CA3127AAE358006FDF51 /* View */ = {
			isa = PBXGroup;
			children = (
				DB12CA2127AAE312006FDF51 /* Main.storyboard */,
			);
			path = View;
			sourceTree = "<group>";
		};
		DB12CA3427AAE381006FDF51 /* Model */ = {
			isa = PBXGroup;
			children = (
				DB12CA3227AAE37C006FDF51 /* WeatherManager.swift */,
				DB12CA3527AAE3A5006FDF51 /* WeatherData.swift */,
				DB12CA3727AAE3B7006FDF51 /* WeatherModel.swift */,
			);
			path = Model;
			sourceTree = "<group>";
		};
/* End PBXGroup section */

/* Begin PBXNativeTarget section */
		DB12CA1727AAE312006FDF51 /* WeatherMe */ = {
			isa = PBXNativeTarget;
			buildConfigurationList = DB12CA2C27AAE314006FDF51 /* Build configuration list for PBXNativeTarget "WeatherMe" */;
			buildPhases = (
				DB12CA1427AAE312006FDF51 /* Sources */,
				DB12CA1527AAE312006FDF51 /* Frameworks */,
				DB12CA1627AAE312006FDF51 /* Resources */,
			);
			buildRules = (
			);
			dependencies = (
			);
			name = WeatherMe;
			productName = WeatherMe;
			productReference = DB12CA1827AAE312006FDF51 /* WeatherMe.app */;
			productType = "com.apple.product-type.application";
		};
/* End PBXNativeTarget section */

/* Begin PBXProject section */
		DB12CA1027AAE312006FDF51 /* Project object */ = {
			isa = PBXProject;
			attributes = {
				BuildIndependentTargetsInParallel = 1;
				LastSwiftUpdateCheck = 1310;
				LastUpgradeCheck = 1310;
				TargetAttributes = {
					DB12CA1727AAE312006FDF51 = {
						CreatedOnToolsVersion = 13.1;
					};
				};
			};
			buildConfigurationList = DB12CA1327AAE312006FDF51 /* Build configuration list for PBXProject "WeatherMe" */;
			compatibilityVersion = "Xcode 13.0";
			developmentRegion = en;
			hasScannedForEncodings = 0;
			knownRegions = (
				en,
				Base,
			);
			mainGroup = DB12CA0F27AAE312006FDF51;
			productRefGroup = DB12CA1927AAE312006FDF51 /* Products */;
			projectDirPath = "";
			projectRoot = "";
			targets = (
				DB12CA1727AAE312006FDF51 /* WeatherMe */,
			);
		};
/* End PBXProject section */

/* Begin PBXResourcesBuildPhase section */
		DB12CA1627AAE312006FDF51 /* Resources */ = {
			isa = PBXResourcesBuildPhase;
			buildActionMask = 2147483647;
			files = (
				DB12CA2827AAE314006FDF51 /* LaunchScreen.storyboard in Resources */,
				DB12CA2527AAE314006FDF51 /* Assets.xcassets in Resources */,
				DB12CA2327AAE312006FDF51 /* Main.storyboard in Resources */,
			);
			runOnlyForDeploymentPostprocessing = 0;
		};
/* End PBXResourcesBuildPhase section */

/* Begin PBXSourcesBuildPhase section */
		DB12CA1427AAE312006FDF51 /* Sources */ = {
			isa = PBXSourcesBuildPhase;
			buildActionMask = 2147483647;
			files = (
				DB12CA2027AAE312006FDF51 /* WeatherViewController.swift in Sources */,
				DB12CA3627AAE3A5006FDF51 /* WeatherData.swift in Sources */,
				DB12CA1C27AAE312006FDF51 /* AppDelegate.swift in Sources */,
				DB12CA3327AAE37C006FDF51 /* WeatherManager.swift in Sources */,
				DB12CA3827AAE3B7006FDF51 /* WeatherModel.swift in Sources */,
				DB12CA1E27AAE312006FDF51 /* SceneDelegate.swift in Sources */,
			);
			runOnlyForDeploymentPostprocessing = 0;
		};
/* End PBXSourcesBuildPhase section */

/* Begin PBXVariantGroup section */
		DB12CA2127AAE312006FDF51 /* Main.storyboard */ = {
			isa = PBXVariantGroup;
			children = (
				DB12CA2227AAE312006FDF51 /* Base */,
			);
			name = Main.storyboard;
			sourceTree = "<group>";
		};
		DB12CA2627AAE314006FDF51 /* LaunchScreen.storyboard */ = {
			isa = PBXVariantGroup;
			children = (
				DB12CA2727AAE314006FDF51 /* Base */,
			);
			name = LaunchScreen.storyboard;
			sourceTree = "<group>";
		};
/* End PBXVariantGroup section */

/* Begin XCBuildConfiguration section */
		DB12CA2A27AAE314006FDF51 /* Debug */ = {
			isa = XCBuildConfiguration;
			buildSettings = {
				ALWAYS_SEARCH_USER_PATHS = NO;
				CLANG_ANALYZER_NONNULL = YES;
				CLANG_ANALYZER_NUMBER_OBJECT_CONVERSION = YES_AGGRESSIVE;
				CLANG_CXX_LANGUAGE_STANDARD = "gnu++17";
				CLANG_CXX_LIBRARY = "libc++";
				CLANG_ENABLE_MODULES = YES;
				CLANG_ENABLE_OBJC_ARC = YES;
				CLANG_ENABLE_OBJC_WEAK = YES;
				CLANG_WARN_BLOCK_CAPTURE_AUTORELEASING = YES;
				CLANG_WARN_BOOL_CONVERSION = YES;
				CLANG_WARN_COMMA = YES;
				CLANG_WARN_CONSTANT_CONVERSION = YES;
				CLANG_WARN_DEPRECATED_OBJC_IMPLEMENTATIONS = YES;
				CLANG_WARN_DIRECT_OBJC_ISA_USAGE = YES_ERROR;
				CLANG_WARN_DOCUMENTATION_COMMENTS = YES;
				CLANG_WARN_EMPTY_BODY = YES;
				CLANG_WARN_ENUM_CONVERSION = YES;
				CLANG_WARN_INFINITE_RECURSION = YES;
				CLANG_WARN_INT_CONVERSION = YES;
				CLANG_WARN_NON_LITERAL_NULL_CONVERSION = YES;
				CLANG_WARN_OBJC_IMPLICIT_RETAIN_SELF = YES;
				CLANG_WARN_OBJC_LITERAL_CONVERSION = YES;
				CLANG_WARN_OBJC_ROOT_CLASS = YES_ERROR;
				CLANG_WARN_QUOTED_INCLUDE_IN_FRAMEWORK_HEADER = YES;
				CLANG_WARN_RANGE_LOOP_ANALYSIS = YES;
				CLANG_WARN_STRICT_PROTOTYPES = YES;
				CLANG_WARN_SUSPICIOUS_MOVE = YES;
				CLANG_WARN_UNGUARDED_AVAILABILITY = YES_AGGRESSIVE;
				CLANG_WARN_UNREACHABLE_CODE = YES;
				CLANG_WARN__DUPLICATE_METHOD_MATCH = YES;
				COPY_PHASE_STRIP = NO;
				DEBUG_INFORMATION_FORMAT = dwarf;
				ENABLE_STRICT_OBJC_MSGSEND = YES;
				ENABLE_TESTABILITY = YES;
				GCC_C_LANGUAGE_STANDARD = gnu11;
				GCC_DYNAMIC_NO_PIC = NO;
				GCC_NO_COMMON_BLOCKS = YES;
				GCC_OPTIMIZATION_LEVEL = 0;
				GCC_PREPROCESSOR_DEFINITIONS = (
					"DEBUG=1",
					"$(inherited)",
				);
				GCC_WARN_64_TO_32_BIT_CONVERSION = YES;
				GCC_WARN_ABOUT_RETURN_TYPE = YES_ERROR;
				GCC_WARN_UNDECLARED_SELECTOR = YES;
				GCC_WARN_UNINITIALIZED_AUTOS = YES_AGGRESSIVE;
				GCC_WARN_UNUSED_FUNCTION = YES;
				GCC_WARN_UNUSED_VARIABLE = YES;
				IPHONEOS_DEPLOYMENT_TARGET = 15.0;
				MTL_ENABLE_DEBUG_INFO = INCLUDE_SOURCE;
				MTL_FAST_MATH = YES;
				ONLY_ACTIVE_ARCH = YES;
				SDKROOT = iphoneos;
				SWIFT_ACTIVE_COMPILATION_CONDITIONS = DEBUG;
				SWIFT_OPTIMIZATION_LEVEL = "-Onone";
			};
			name = Debug;
		};
		DB12CA2B27AAE314006FDF51 /* Release */ = {
			isa = XCBuildConfiguration;
			buildSettings = {
				ALWAYS_SEARCH_USER_PATHS = NO;
				CLANG_ANALYZER_NONNULL = YES;
				CLANG_ANALYZER_NUMBER_OBJECT_CONVERSION = YES_AGGRESSIVE;
				CLANG_CXX_LANGUAGE_STANDARD = "gnu++17";
				CLANG_CXX_LIBRARY = "libc++";
				CLANG_ENABLE_MODULES = YES;
				CLANG_ENABLE_OBJC_ARC = YES;
				CLANG_ENABLE_OBJC_WEAK = YES;
				CLANG_WARN_BLOCK_CAPTURE_AUTORELEASING = YES;
				CLANG_WARN_BOOL_CONVERSION = YES;
				CLANG_WARN_COMMA = YES;
				CLANG_WARN_CONSTANT_CONVERSION = YES;
				CLANG_WARN_DEPRECATED_OBJC_IMPLEMENTATIONS = YES;
				CLANG_WARN_DIRECT_OBJC_ISA_USAGE = YES_ERROR;
				CLANG_WARN_DOCUMENTATION_COMMENTS = YES;
				CLANG_WARN_EMPTY_BODY = YES;
				CLANG_WARN_ENUM_CONVERSION = YES;
				CLANG_WARN_INFINITE_RECURSION = YES;
				CLANG_WARN_INT_CONVERSION = YES;
				CLANG_WARN_NON_LITERAL_NULL_CONVERSION = YES;
				CLANG_WARN_OBJC_IMPLICIT_RETAIN_SELF = YES;
				CLANG_WARN_OBJC_LITERAL_CONVERSION = YES;
				CLANG_WARN_OBJC_ROOT_CLASS = YES_ERROR;
				CLANG_WARN_QUOTED_INCLUDE_IN_FRAMEWORK_HEADER = YES;
				CLANG_WARN_RANGE_LOOP_ANALYSIS = YES;
				CLANG_WARN_STRICT_PROTOTYPES = YES;
				CLANG_WARN_SUSPICIOUS_MOVE = YES;
				CLANG_WARN_UNGUARDED_AVAILABILITY = YES_AGGRESSIVE;
				CLANG_WARN_UNREACHABLE_CODE = YES;
				CLANG_WARN__DUPLICATE_METHOD_MATCH = YES;
				COPY_PHASE_STRIP = NO;
				DEBUG_INFORMATION_FORMAT = "dwarf-with-dsym";
				ENABLE_NS_ASSERTIONS = NO;
				ENABLE_STRICT_OBJC_MSGSEND = YES;
				GCC_C_LANGUAGE_STANDARD = gnu11;
				GCC_NO_COMMON_BLOCKS = YES;
				GCC_WARN_64_TO_32_BIT_CONVERSION = YES;
				GCC_WARN_ABOUT_RETURN_TYPE = YES_ERROR;
				GCC_WARN_UNDECLARED_SELECTOR = YES;
				GCC_WARN_UNINITIALIZED_AUTOS = YES_AGGRESSIVE;
				GCC_WARN_UNUSED_FUNCTION = YES;
				GCC_WARN_UNUSED_VARIABLE = YES;
				IPHONEOS_DEPLOYMENT_TARGET = 15.0;
				MTL_ENABLE_DEBUG_INFO = NO;
				MTL_FAST_MATH = YES;
				SDKROOT = iphoneos;
				SWIFT_COMPILATION_MODE = wholemodule;
				SWIFT_OPTIMIZATION_LEVEL = "-O";
				VALIDATE_PRODUCT = YES;
			};
			name = Release;
		};
		DB12CA2D27AAE314006FDF51 /* Debug */ = {
			isa = XCBuildConfiguration;
			buildSettings = {
				ASSETCATALOG_COMPILER_APPICON_NAME = AppIcon;
				ASSETCATALOG_COMPILER_GLOBAL_ACCENT_COLOR_NAME = AccentColor;
				CODE_SIGN_STYLE = Automatic;
				CURRENT_PROJECT_VERSION = 1;
				DEVELOPMENT_TEAM = MQ9BF9BUP2;
				GENERATE_INFOPLIST_FILE = YES;
				INFOPLIST_FILE = WeatherMe/Info.plist;
				INFOPLIST_KEY_UIApplicationSupportsIndirectInputEvents = YES;
				INFOPLIST_KEY_UILaunchStoryboardName = LaunchScreen;
				INFOPLIST_KEY_UIMainStoryboardFile = Main;
				INFOPLIST_KEY_UISupportedInterfaceOrientations_iPad = "UIInterfaceOrientationPortrait UIInterfaceOrientationPortraitUpsideDown UIInterfaceOrientationLandscapeLeft UIInterfaceOrientationLandscapeRight";
				INFOPLIST_KEY_UISupportedInterfaceOrientations_iPhone = "UIInterfaceOrientationPortrait UIInterfaceOrientationLandscapeLeft UIInterfaceOrientationLandscapeRight";
				LD_RUNPATH_SEARCH_PATHS = (
					"$(inherited)",
					"@executable_path/Frameworks",
				);
				MARKETING_VERSION = 1.0;
				PRODUCT_BUNDLE_IDENTIFIER = com.izombieprod.WeatherMe;
				PRODUCT_NAME = "$(TARGET_NAME)";
				SWIFT_EMIT_LOC_STRINGS = YES;
				SWIFT_VERSION = 5.0;
				TARGETED_DEVICE_FAMILY = "1,2";
			};
			name = Debug;
		};
		DB12CA2E27AAE314006FDF51 /* Release */ = {
			isa = XCBuildConfiguration;
			buildSettings = {
				ASSETCATALOG_COMPILER_APPICON_NAME = AppIcon;
				ASSETCATALOG_COMPILER_GLOBAL_ACCENT_COLOR_NAME = AccentColor;
				CODE_SIGN_STYLE = Automatic;
				CURRENT_PROJECT_VERSION = 1;
				DEVELOPMENT_TEAM = MQ9BF9BUP2;
				GENERATE_INFOPLIST_FILE = YES;
				INFOPLIST_FILE = WeatherMe/Info.plist;
				INFOPLIST_KEY_UIApplicationSupportsIndirectInputEvents = YES;
				INFOPLIST_KEY_UILaunchStoryboardName = LaunchScreen;
				INFOPLIST_KEY_UIMainStoryboardFile = Main;
				INFOPLIST_KEY_UISupportedInterfaceOrientations_iPad = "UIInterfaceOrientationPortrait UIInterfaceOrientationPortraitUpsideDown UIInterfaceOrientationLandscapeLeft UIInterfaceOrientationLandscapeRight";
				INFOPLIST_KEY_UISupportedInterfaceOrientations_iPhone = "UIInterfaceOrientationPortrait UIInterfaceOrientationLandscapeLeft UIInterfaceOrientationLandscapeRight";
				LD_RUNPATH_SEARCH_PATHS = (
					"$(inherited)",
					"@executable_path/Frameworks",
				);
				MARKETING_VERSION = 1.0;
				PRODUCT_BUNDLE_IDENTIFIER = com.izombieprod.WeatherMe;
				PRODUCT_NAME = "$(TARGET_NAME)";
				SWIFT_EMIT_LOC_STRINGS = YES;
				SWIFT_VERSION = 5.0;
				TARGETED_DEVICE_FAMILY = "1,2";
			};
			name = Release;
		};
/* End XCBuildConfiguration section */

/* Begin XCConfigurationList section */
		DB12CA1327AAE312006FDF51 /* Build configuration list for PBXProject "WeatherMe" */ = {
			isa = XCConfigurationList;
			buildConfigurations = (
				DB12CA2A27AAE314006FDF51 /* Debug */,
				DB12CA2B27AAE314006FDF51 /* Release */,
			);
			defaultConfigurationIsVisible = 0;
			defaultConfigurationName = Release;
		};
		DB12CA2C27AAE314006FDF51 /* Build configuration list for PBXNativeTarget "WeatherMe" */ = {
			isa = XCConfigurationList;
			buildConfigurations = (
				DB12CA2D27AAE314006FDF51 /* Debug */,
				DB12CA2E27AAE314006FDF51 /* Release */,
			);
			defaultConfigurationIsVisible = 0;
			defaultConfigurationName = Release;
		};
/* End XCConfigurationList section */
	};
	rootObject = DB12CA1027AAE312006FDF51 /* Project object */;
}
